
Microsoft Visual Studio Solution File, Format Version 12.00
# Visual Studio Version 17
VisualStudioVersion = 17.14.36221.1 d17.14
MinimumVisualStudioVersion = 10.0.40219.1
Project("{FAE04EC0-301F-11D3-BF4B-00C04F79EFBC}") = "AsyncNavigation.Abstractions", "AsyncNavigation.Abstractions\AsyncNavigation.Abstractions.csproj", "{5ABF1D3F-88A1-4E72-B1F5-A8DE8D58EC2E}"
EndProject
Project("{FAE04EC0-301F-11D3-BF4B-00C04F79EFBC}") = "AsyncNavigation.Avalonia", "AsyncNavigation.Avalonia\AsyncNavigation.Avalonia.csproj", "{602FA521-B372-4C5E-99CD-1DFB7A3CFD81}"
EndProject
Project("{FAE04EC0-301F-11D3-BF4B-00C04F79EFBC}") = "AsyncNavigation.Wpf", "AsyncNavigation.Wpf\AsyncNavigation.Wpf.csproj", "{771CB290-8450-402B-A936-D31F882BD937}"
EndProject
Project("{FAE04EC0-301F-11D3-BF4B-00C04F79EFBC}") = "AsyncNavigation.Core", "AsyncNavigation.Core\AsyncNavigation.Core.csproj", "{15E97C61-C15E-498B-B751-7E9C2105F347}"
EndProject
Project("{FAE04EC0-301F-11D3-BF4B-00C04F79EFBC}") = "AsyncNavigation.WinUI", "AsyncNavigation.WinUI\AsyncNavigation.WinUI.csproj", "{F2F7141C-ED5F-4DD6-91A4-BA9113A4B81A}"
EndProject
Project("{FAE04EC0-301F-11D3-BF4B-00C04F79EFBC}") = "AsyncNavigation.Tests", "AsyncNavigation.Tests\AsyncNavigation.Tests.csproj", "{FB9B12BF-C5FC-4702-AF64-9073ACC2306A}"
EndProject
Project("{FAE04EC0-301F-11D3-BF4B-00C04F79EFBC}") = "AsyncNavigation.Performance.Tests", "AsyncNavigation.Performance.Tests\AsyncNavigation.Performance.Tests.csproj", "{A42AB524-3658-40EF-BAD1-13664540F36E}"
EndProject
Project("{FAE04EC0-301F-11D3-BF4B-00C04F79EFBC}") = "AsyncNavigation.E2E.Tests", "AsyncNavigation.E2E.Tests\AsyncNavigation.E2E.Tests.csproj", "{0C6BC8B9-4C7E-43A0-99EF-D439AC8719F0}"
EndProject
Project("{2150E333-8FDC-42A3-9474-1A3956D46DE8}") = "samples", "samples", "{02EA681E-C7D8-13C7-8484-4AC65E1B71E8}"
EndProject
Project("{2150E333-8FDC-42A3-9474-1A3956D46DE8}") = "avaloniaui", "avaloniaui", "{60954BB1-8CE8-437B-81B8-0C5F3645640D}"
EndProject
Project("{FAE04EC0-301F-11D3-BF4B-00C04F79EFBC}") = "Sample.Avalonia", "..\..\samples\Sample.Avalonia\Sample.Avalonia.csproj", "{C00E661E-53A3-47FD-BFAF-9CF3F713C71A}"
EndProject
Project("{FAE04EC0-301F-11D3-BF4B-00C04F79EFBC}") = "Sample.Avalonia.Android", "..\..\samples\Sample.Avalonia.Android\Sample.Avalonia.Android.csproj", "{8B5A117E-BD78-4C90-BB70-557B26D09135}"
EndProject
Project("{FAE04EC0-301F-11D3-BF4B-00C04F79EFBC}") = "Sample.Avalonia.Desktop", "..\..\samples\Sample.Avalonia.Desktop\Sample.Avalonia.Desktop.csproj", "{9322400D-F93A-42F2-AD2B-F8500B8DBFC1}"
EndProject
Project("{FAE04EC0-301F-11D3-BF4B-00C04F79EFBC}") = "Sample.Avalonia.iOS", "..\..\samples\Sample.Avalonia.iOS\Sample.Avalonia.iOS.csproj", "{EB0FA065-017C-43CE-81A1-8CC72450D8CA}"
EndProject
Project("{FAE04EC0-301F-11D3-BF4B-00C04F79EFBC}") = "Sample.Avalonia.Browser", "..\..\samples\Sample.Avalonia.Browser\Sample.Avalonia.Browser.csproj", "{75FF6EEE-899C-4C53-9043-28BE6E69F84A}"
EndProject
Global
	GlobalSection(SolutionConfigurationPlatforms) = preSolution
		Debug|Any CPU = Debug|Any CPU
		Release|Any CPU = Release|Any CPU
	EndGlobalSection
	GlobalSection(ProjectConfigurationPlatforms) = postSolution
		{5ABF1D3F-88A1-4E72-B1F5-A8DE8D58EC2E}.Debug|Any CPU.ActiveCfg = Debug|Any CPU
		{5ABF1D3F-88A1-4E72-B1F5-A8DE8D58EC2E}.Debug|Any CPU.Build.0 = Debug|Any CPU
		{5ABF1D3F-88A1-4E72-B1F5-A8DE8D58EC2E}.Release|Any CPU.ActiveCfg = Release|Any CPU
		{5ABF1D3F-88A1-4E72-B1F5-A8DE8D58EC2E}.Release|Any CPU.Build.0 = Release|Any CPU
		{602FA521-B372-4C5E-99CD-1DFB7A3CFD81}.Debug|Any CPU.ActiveCfg = Debug|Any CPU
		{602FA521-B372-4C5E-99CD-1DFB7A3CFD81}.Debug|Any CPU.Build.0 = Debug|Any CPU
		{602FA521-B372-4C5E-99CD-1DFB7A3CFD81}.Release|Any CPU.ActiveCfg = Release|Any CPU
		{602FA521-B372-4C5E-99CD-1DFB7A3CFD81}.Release|Any CPU.Build.0 = Release|Any CPU
		{771CB290-8450-402B-A936-D31F882BD937}.Debug|Any CPU.ActiveCfg = Debug|Any CPU
		{771CB290-8450-402B-A936-D31F882BD937}.Debug|Any CPU.Build.0 = Debug|Any CPU
		{771CB290-8450-402B-A936-D31F882BD937}.Release|Any CPU.ActiveCfg = Release|Any CPU
		{771CB290-8450-402B-A936-D31F882BD937}.Release|Any CPU.Build.0 = Release|Any CPU
		{15E97C61-C15E-498B-B751-7E9C2105F347}.Debug|Any CPU.ActiveCfg = Debug|Any CPU
		{15E97C61-C15E-498B-B751-7E9C2105F347}.Debug|Any CPU.Build.0 = Debug|Any CPU
		{15E97C61-C15E-498B-B751-7E9C2105F347}.Release|Any CPU.ActiveCfg = Release|Any CPU
		{15E97C61-C15E-498B-B751-7E9C2105F347}.Release|Any CPU.Build.0 = Release|Any CPU
		{F2F7141C-ED5F-4DD6-91A4-BA9113A4B81A}.Debug|Any CPU.ActiveCfg = Debug|Any CPU
		{F2F7141C-ED5F-4DD6-91A4-BA9113A4B81A}.Debug|Any CPU.Build.0 = Debug|Any CPU
		{F2F7141C-ED5F-4DD6-91A4-BA9113A4B81A}.Release|Any CPU.ActiveCfg = Release|Any CPU
		{F2F7141C-ED5F-4DD6-91A4-BA9113A4B81A}.Release|Any CPU.Build.0 = Release|Any CPU
		{FB9B12BF-C5FC-4702-AF64-9073ACC2306A}.Debug|Any CPU.ActiveCfg = Debug|Any CPU
		{FB9B12BF-C5FC-4702-AF64-9073ACC2306A}.Debug|Any CPU.Build.0 = Debug|Any CPU
		{FB9B12BF-C5FC-4702-AF64-9073ACC2306A}.Release|Any CPU.ActiveCfg = Release|Any CPU
		{FB9B12BF-C5FC-4702-AF64-9073ACC2306A}.Release|Any CPU.Build.0 = Release|Any CPU
		{A42AB524-3658-40EF-BAD1-13664540F36E}.Debug|Any CPU.ActiveCfg = Debug|Any CPU
		{A42AB524-3658-40EF-BAD1-13664540F36E}.Debug|Any CPU.Build.0 = Debug|Any CPU
		{A42AB524-3658-40EF-BAD1-13664540F36E}.Release|Any CPU.ActiveCfg = Release|Any CPU
		{A42AB524-3658-40EF-BAD1-13664540F36E}.Release|Any CPU.Build.0 = Release|Any CPU
		{0C6BC8B9-4C7E-43A0-99EF-D439AC8719F0}.Debug|Any CPU.ActiveCfg = Debug|Any CPU
		{0C6BC8B9-4C7E-43A0-99EF-D439AC8719F0}.Debug|Any CPU.Build.0 = Debug|Any CPU
		{0C6BC8B9-4C7E-43A0-99EF-D439AC8719F0}.Release|Any CPU.ActiveCfg = Release|Any CPU
		{0C6BC8B9-4C7E-43A0-99EF-D439AC8719F0}.Release|Any CPU.Build.0 = Release|Any CPU
		{C00E661E-53A3-47FD-BFAF-9CF3F713C71A}.Debug|Any CPU.ActiveCfg = Debug|Any CPU
		{C00E661E-53A3-47FD-BFAF-9CF3F713C71A}.Debug|Any CPU.Build.0 = Debug|Any CPU
		{C00E661E-53A3-47FD-BFAF-9CF3F713C71A}.Release|Any CPU.ActiveCfg = Release|Any CPU
		{C00E661E-53A3-47FD-BFAF-9CF3F713C71A}.Release|Any CPU.Build.0 = Release|Any CPU
		{8B5A117E-BD78-4C90-BB70-557B26D09135}.Debug|Any CPU.ActiveCfg = Debug|Any CPU
		{8B5A117E-BD78-4C90-BB70-557B26D09135}.Debug|Any CPU.Build.0 = Debug|Any CPU
		{8B5A117E-BD78-4C90-BB70-557B26D09135}.Debug|Any CPU.Deploy.0 = Debug|Any CPU
		{8B5A117E-BD78-4C90-BB70-557B26D09135}.Release|Any CPU.ActiveCfg = Release|Any CPU
		{8B5A117E-BD78-4C90-BB70-557B26D09135}.Release|Any CPU.Build.0 = Release|Any CPU
		{8B5A117E-BD78-4C90-BB70-557B26D09135}.Release|Any CPU.Deploy.0 = Release|Any CPU
		{9322400D-F93A-42F2-AD2B-F8500B8DBFC1}.Debug|Any CPU.ActiveCfg = Debug|Any CPU
		{9322400D-F93A-42F2-AD2B-F8500B8DBFC1}.Debug|Any CPU.Build.0 = Debug|Any CPU
		{9322400D-F93A-42F2-AD2B-F8500B8DBFC1}.Release|Any CPU.ActiveCfg = Release|Any CPU
		{9322400D-F93A-42F2-AD2B-F8500B8DBFC1}.Release|Any CPU.Build.0 = Release|Any CPU
		{EB0FA065-017C-43CE-81A1-8CC72450D8CA}.Debug|Any CPU.ActiveCfg = Debug|Any CPU
		{EB0FA065-017C-43CE-81A1-8CC72450D8CA}.Debug|Any CPU.Build.0 = Debug|Any CPU
		{EB0FA065-017C-43CE-81A1-8CC72450D8CA}.Debug|Any CPU.Deploy.0 = Debug|Any CPU
		{EB0FA065-017C-43CE-81A1-8CC72450D8CA}.Release|Any CPU.ActiveCfg = Release|Any CPU
		{EB0FA065-017C-43CE-81A1-8CC72450D8CA}.Release|Any CPU.Build.0 = Release|Any CPU
		{EB0FA065-017C-43CE-81A1-8CC72450D8CA}.Release|Any CPU.Deploy.0 = Release|Any CPU
		{75FF6EEE-899C-4C53-9043-28BE6E69F84A}.Debug|Any CPU.ActiveCfg = Debug|Any CPU
		{75FF6EEE-899C-4C53-9043-28BE6E69F84A}.Debug|Any CPU.Build.0 = Debug|Any CPU
		{75FF6EEE-899C-4C53-9043-28BE6E69F84A}.Release|Any CPU.ActiveCfg = Release|Any CPU
		{75FF6EEE-899C-4C53-9043-28BE6E69F84A}.Release|Any CPU.Build.0 = Release|Any CPU
	EndGlobalSection
	GlobalSection(SolutionProperties) = preSolution
		HideSolutionNode = FALSE
	EndGlobalSection
	GlobalSection(NestedProjects) = preSolution
		{60954BB1-8CE8-437B-81B8-0C5F3645640D} = {02EA681E-C7D8-13C7-8484-4AC65E1B71E8}
		{C00E661E-53A3-47FD-BFAF-9CF3F713C71A} = {60954BB1-8CE8-437B-81B8-0C5F3645640D}
		{8B5A117E-BD78-4C90-BB70-557B26D09135} = {60954BB1-8CE8-437B-81B8-0C5F3645640D}
		{9322400D-F93A-42F2-AD2B-F8500B8DBFC1} = {60954BB1-8CE8-437B-81B8-0C5F3645640D}
		{EB0FA065-017C-43CE-81A1-8CC72450D8CA} = {60954BB1-8CE8-437B-81B8-0C5F3645640D}
		{75FF6EEE-899C-4C53-9043-28BE6E69F84A} = {60954BB1-8CE8-437B-81B8-0C5F3645640D}
	EndGlobalSection
	GlobalSection(ExtensibilityGlobals) = postSolution
		SolutionGuid = {4C63EADD-8AF0-4E87-8E63-3265E344B9B4}
	EndGlobalSection
EndGlobal
