
Microsoft Visual Studio Solution File, Format Version 12.00
# Visual Studio Version 17
VisualStudioVersion = 17.14.36221.1
MinimumVisualStudioVersion = 10.0.40219.1
Project("{FAE04EC0-301F-11D3-BF4B-00C04F79EFBC}") = "AsyncNavigation.Avalonia", "AsyncNavigation.Avalonia\AsyncNavigation.Avalonia.csproj", "{602FA521-B372-4C5E-99CD-1DFB7A3CFD81}"
EndProject
Project("{FAE04EC0-301F-11D3-BF4B-00C04F79EFBC}") = "AsyncNavigation.Wpf", "AsyncNavigation.Wpf\AsyncNavigation.Wpf.csproj", "{771CB290-8450-402B-A936-D31F882BD937}"
EndProject
Project("{2150E333-8FDC-42A3-9474-1A3956D46DE8}") = "samples", "samples", "{02EA681E-C7D8-13C7-8484-4AC65E1B71E8}"
EndProject
Project("{2150E333-8FDC-42A3-9474-1A3956D46DE8}") = "avaloniaui", "avaloniaui", "{60954BB1-8CE8-437B-81B8-0C5F3645640D}"
EndProject
Project("{FAE04EC0-301F-11D3-BF4B-00C04F79EFBC}") = "Sample.Avalonia", "..\samples\Sample.Avalonia\Sample.Avalonia.csproj", "{C00E661E-53A3-47FD-BFAF-9CF3F713C71A}"
EndProject
Project("{FAE04EC0-301F-11D3-BF4B-00C04F79EFBC}") = "Sample.Avalonia.Android", "..\samples\Sample.Avalonia.Android\Sample.Avalonia.Android.csproj", "{8B5A117E-BD78-4C90-BB70-557B26D09135}"
EndProject
Project("{FAE04EC0-301F-11D3-BF4B-00C04F79EFBC}") = "Sample.Avalonia.Desktop", "..\samples\Sample.Avalonia.Desktop\Sample.Avalonia.Desktop.csproj", "{9322400D-F93A-42F2-AD2B-F8500B8DBFC1}"
EndProject
Project("{FAE04EC0-301F-11D3-BF4B-00C04F79EFBC}") = "Sample.Avalonia.iOS", "..\samples\Sample.Avalonia.iOS\Sample.Avalonia.iOS.csproj", "{EB0FA065-017C-43CE-81A1-8CC72450D8CA}"
EndProject
Project("{FAE04EC0-301F-11D3-BF4B-00C04F79EFBC}") = "Sample.Avalonia.Browser", "..\samples\Sample.Avalonia.Browser\Sample.Avalonia.Browser.csproj", "{75FF6EEE-899C-4C53-9043-28BE6E69F84A}"
EndProject
Project("{2150E333-8FDC-42A3-9474-1A3956D46DE8}") = "wpf", "wpf", "{283A813F-2846-4EB4-BEE6-CF52380A1837}"
EndProject
Project("{FAE04EC0-301F-11D3-BF4B-00C04F79EFBC}") = "Sample.Wpf", "..\samples\Sample.Wpf\Sample.Wpf.csproj", "{0F0607D6-8D0C-4AA7-862D-F45F6D0D36DE}"
EndProject
Project("{FAE04EC0-301F-11D3-BF4B-00C04F79EFBC}") = "Sample.Common", "..\samples\Sample.Common\Sample.Common.csproj", "{60BDFD8F-6FAD-4BFC-97D0-EAEA30186846}"
EndProject
Project("{FAE04EC0-301F-11D3-BF4B-00C04F79EFBC}") = "AsyncNavigation", "AsyncNavigation\AsyncNavigation.csproj", "{535BD27C-12F1-47C9-A9B4-DC459E895938}"
EndProject
Project("{2150E333-8FDC-42A3-9474-1A3956D46DE8}") = "tests", "tests", "{9858EF92-EF94-4C78-8411-887E6B75F616}"
EndProject
Project("{FAE04EC0-301F-11D3-BF4B-00C04F79EFBC}") = "Sample.InfinityNavigation", "..\samples\Sample.InfinityNavigation\Sample.InfinityNavigation.csproj", "{22035BCB-20DB-68F4-74D3-4A11192E2D24}"
EndProject
Project("{FAE04EC0-301F-11D3-BF4B-00C04F79EFBC}") = "AsyncNavigation.Tests", "tests\AsyncNavigation.Tests\AsyncNavigation.Tests.csproj", "{9F6D78FE-2F08-5E2E-3654-63AFBF0916F0}"
EndProject
Project("{FAE04EC0-301F-11D3-BF4B-00C04F79EFBC}") = "AsyncNavigation.Performance.Tests", "tests\AsyncNavigation.Performance.Tests\AsyncNavigation.Performance.Tests.csproj", "{819BA289-9BCF-0BA2-A1D4-E0A6F4C00386}"
EndProject
Project("{FAE04EC0-301F-11D3-BF4B-00C04F79EFBC}") = "AsyncNavigation.E2E.Tests", "tests\AsyncNavigation.E2E.Tests\AsyncNavigation.E2E.Tests.csproj", "{BE4F3321-EF03-4BCA-966D-FCC36CA1181D}"
EndProject
Project("{FAE04EC0-301F-11D3-BF4B-00C04F79EFBC}") = "Sampe.Wpf.InfinityNaviation", "..\samples\Sampe.Wpf.InfinityNaviation\Sampe.Wpf.InfinityNaviation\Sampe.Wpf.InfinityNaviation.csproj", "{24B0419F-803F-4305-B46E-1E92AE9AE64E}"
EndProject
Global
	GlobalSection(SolutionConfigurationPlatforms) = preSolution
		Debug|Any CPU = Debug|Any CPU
		Debug|ARM64 = Debug|ARM64
		Debug|x64 = Debug|x64
		Debug|x86 = Debug|x86
		Release|Any CPU = Release|Any CPU
		Release|ARM64 = Release|ARM64
		Release|x64 = Release|x64
		Release|x86 = Release|x86
	EndGlobalSection
	GlobalSection(ProjectConfigurationPlatforms) = postSolution
		{602FA521-B372-4C5E-99CD-1DFB7A3CFD81}.Debug|Any CPU.ActiveCfg = Debug|Any CPU
		{602FA521-B372-4C5E-99CD-1DFB7A3CFD81}.Debug|Any CPU.Build.0 = Debug|Any CPU
		{602FA521-B372-4C5E-99CD-1DFB7A3CFD81}.Debug|ARM64.ActiveCfg = Debug|Any CPU
		{602FA521-B372-4C5E-99CD-1DFB7A3CFD81}.Debug|ARM64.Build.0 = Debug|Any CPU
		{602FA521-B372-4C5E-99CD-1DFB7A3CFD81}.Debug|x64.ActiveCfg = Debug|Any CPU
		{602FA521-B372-4C5E-99CD-1DFB7A3CFD81}.Debug|x64.Build.0 = Debug|Any CPU
		{602FA521-B372-4C5E-99CD-1DFB7A3CFD81}.Debug|x86.ActiveCfg = Debug|Any CPU
		{602FA521-B372-4C5E-99CD-1DFB7A3CFD81}.Debug|x86.Build.0 = Debug|Any CPU
		{602FA521-B372-4C5E-99CD-1DFB7A3CFD81}.Release|Any CPU.ActiveCfg = Release|Any CPU
		{602FA521-B372-4C5E-99CD-1DFB7A3CFD81}.Release|Any CPU.Build.0 = Release|Any CPU
		{602FA521-B372-4C5E-99CD-1DFB7A3CFD81}.Release|ARM64.ActiveCfg = Release|Any CPU
		{602FA521-B372-4C5E-99CD-1DFB7A3CFD81}.Release|ARM64.Build.0 = Release|Any CPU
		{602FA521-B372-4C5E-99CD-1DFB7A3CFD81}.Release|x64.ActiveCfg = Release|Any CPU
		{602FA521-B372-4C5E-99CD-1DFB7A3CFD81}.Release|x64.Build.0 = Release|Any CPU
		{602FA521-B372-4C5E-99CD-1DFB7A3CFD81}.Release|x86.ActiveCfg = Release|Any CPU
		{602FA521-B372-4C5E-99CD-1DFB7A3CFD81}.Release|x86.Build.0 = Release|Any CPU
		{771CB290-8450-402B-A936-D31F882BD937}.Debug|Any CPU.ActiveCfg = Debug|Any CPU
		{771CB290-8450-402B-A936-D31F882BD937}.Debug|Any CPU.Build.0 = Debug|Any CPU
		{771CB290-8450-402B-A936-D31F882BD937}.Debug|ARM64.ActiveCfg = Debug|Any CPU
		{771CB290-8450-402B-A936-D31F882BD937}.Debug|ARM64.Build.0 = Debug|Any CPU
		{771CB290-8450-402B-A936-D31F882BD937}.Debug|x64.ActiveCfg = Debug|Any CPU
		{771CB290-8450-402B-A936-D31F882BD937}.Debug|x64.Build.0 = Debug|Any CPU
		{771CB290-8450-402B-A936-D31F882BD937}.Debug|x86.ActiveCfg = Debug|Any CPU
		{771CB290-8450-402B-A936-D31F882BD937}.Debug|x86.Build.0 = Debug|Any CPU
		{771CB290-8450-402B-A936-D31F882BD937}.Release|Any CPU.ActiveCfg = Release|Any CPU
		{771CB290-8450-402B-A936-D31F882BD937}.Release|Any CPU.Build.0 = Release|Any CPU
		{771CB290-8450-402B-A936-D31F882BD937}.Release|ARM64.ActiveCfg = Release|Any CPU
		{771CB290-8450-402B-A936-D31F882BD937}.Release|ARM64.Build.0 = Release|Any CPU
		{771CB290-8450-402B-A936-D31F882BD937}.Release|x64.ActiveCfg = Release|Any CPU
		{771CB290-8450-402B-A936-D31F882BD937}.Release|x64.Build.0 = Release|Any CPU
		{771CB290-8450-402B-A936-D31F882BD937}.Release|x86.ActiveCfg = Release|Any CPU
		{771CB290-8450-402B-A936-D31F882BD937}.Release|x86.Build.0 = Release|Any CPU
		{C00E661E-53A3-47FD-BFAF-9CF3F713C71A}.Debug|Any CPU.ActiveCfg = Debug|Any CPU
		{C00E661E-53A3-47FD-BFAF-9CF3F713C71A}.Debug|Any CPU.Build.0 = Debug|Any CPU
		{C00E661E-53A3-47FD-BFAF-9CF3F713C71A}.Debug|ARM64.ActiveCfg = Debug|Any CPU
		{C00E661E-53A3-47FD-BFAF-9CF3F713C71A}.Debug|ARM64.Build.0 = Debug|Any CPU
		{C00E661E-53A3-47FD-BFAF-9CF3F713C71A}.Debug|x64.ActiveCfg = Debug|Any CPU
		{C00E661E-53A3-47FD-BFAF-9CF3F713C71A}.Debug|x64.Build.0 = Debug|Any CPU
		{C00E661E-53A3-47FD-BFAF-9CF3F713C71A}.Debug|x86.ActiveCfg = Debug|Any CPU
		{C00E661E-53A3-47FD-BFAF-9CF3F713C71A}.Debug|x86.Build.0 = Debug|Any CPU
		{C00E661E-53A3-47FD-BFAF-9CF3F713C71A}.Release|Any CPU.ActiveCfg = Release|Any CPU
		{C00E661E-53A3-47FD-BFAF-9CF3F713C71A}.Release|Any CPU.Build.0 = Release|Any CPU
		{C00E661E-53A3-47FD-BFAF-9CF3F713C71A}.Release|ARM64.ActiveCfg = Release|Any CPU
		{C00E661E-53A3-47FD-BFAF-9CF3F713C71A}.Release|ARM64.Build.0 = Release|Any CPU
		{C00E661E-53A3-47FD-BFAF-9CF3F713C71A}.Release|x64.ActiveCfg = Release|Any CPU
		{C00E661E-53A3-47FD-BFAF-9CF3F713C71A}.Release|x64.Build.0 = Release|Any CPU
		{C00E661E-53A3-47FD-BFAF-9CF3F713C71A}.Release|x86.ActiveCfg = Release|Any CPU
		{C00E661E-53A3-47FD-BFAF-9CF3F713C71A}.Release|x86.Build.0 = Release|Any CPU
		{8B5A117E-BD78-4C90-BB70-557B26D09135}.Debug|Any CPU.ActiveCfg = Debug|Any CPU
		{8B5A117E-BD78-4C90-BB70-557B26D09135}.Debug|Any CPU.Build.0 = Debug|Any CPU
		{8B5A117E-BD78-4C90-BB70-557B26D09135}.Debug|Any CPU.Deploy.0 = Debug|Any CPU
		{8B5A117E-BD78-4C90-BB70-557B26D09135}.Debug|ARM64.ActiveCfg = Debug|Any CPU
		{8B5A117E-BD78-4C90-BB70-557B26D09135}.Debug|ARM64.Build.0 = Debug|Any CPU
		{8B5A117E-BD78-4C90-BB70-557B26D09135}.Debug|ARM64.Deploy.0 = Debug|Any CPU
		{8B5A117E-BD78-4C90-BB70-557B26D09135}.Debug|x64.ActiveCfg = Debug|Any CPU
		{8B5A117E-BD78-4C90-BB70-557B26D09135}.Debug|x64.Build.0 = Debug|Any CPU
		{8B5A117E-BD78-4C90-BB70-557B26D09135}.Debug|x64.Deploy.0 = Debug|Any CPU
		{8B5A117E-BD78-4C90-BB70-557B26D09135}.Debug|x86.ActiveCfg = Debug|Any CPU
		{8B5A117E-BD78-4C90-BB70-557B26D09135}.Debug|x86.Build.0 = Debug|Any CPU
		{8B5A117E-BD78-4C90-BB70-557B26D09135}.Debug|x86.Deploy.0 = Debug|Any CPU
		{8B5A117E-BD78-4C90-BB70-557B26D09135}.Release|Any CPU.ActiveCfg = Release|Any CPU
		{8B5A117E-BD78-4C90-BB70-557B26D09135}.Release|Any CPU.Build.0 = Release|Any CPU
		{8B5A117E-BD78-4C90-BB70-557B26D09135}.Release|Any CPU.Deploy.0 = Release|Any CPU
		{8B5A117E-BD78-4C90-BB70-557B26D09135}.Release|ARM64.ActiveCfg = Release|Any CPU
		{8B5A117E-BD78-4C90-BB70-557B26D09135}.Release|ARM64.Build.0 = Release|Any CPU
		{8B5A117E-BD78-4C90-BB70-557B26D09135}.Release|ARM64.Deploy.0 = Release|Any CPU
		{8B5A117E-BD78-4C90-BB70-557B26D09135}.Release|x64.ActiveCfg = Release|Any CPU
		{8B5A117E-BD78-4C90-BB70-557B26D09135}.Release|x64.Build.0 = Release|Any CPU
		{8B5A117E-BD78-4C90-BB70-557B26D09135}.Release|x64.Deploy.0 = Release|Any CPU
		{8B5A117E-BD78-4C90-BB70-557B26D09135}.Release|x86.ActiveCfg = Release|Any CPU
		{8B5A117E-BD78-4C90-BB70-557B26D09135}.Release|x86.Build.0 = Release|Any CPU
		{8B5A117E-BD78-4C90-BB70-557B26D09135}.Release|x86.Deploy.0 = Release|Any CPU
		{9322400D-F93A-42F2-AD2B-F8500B8DBFC1}.Debug|Any CPU.ActiveCfg = Debug|Any CPU
		{9322400D-F93A-42F2-AD2B-F8500B8DBFC1}.Debug|Any CPU.Build.0 = Debug|Any CPU
		{9322400D-F93A-42F2-AD2B-F8500B8DBFC1}.Debug|ARM64.ActiveCfg = Debug|Any CPU
		{9322400D-F93A-42F2-AD2B-F8500B8DBFC1}.Debug|ARM64.Build.0 = Debug|Any CPU
		{9322400D-F93A-42F2-AD2B-F8500B8DBFC1}.Debug|x64.ActiveCfg = Debug|Any CPU
		{9322400D-F93A-42F2-AD2B-F8500B8DBFC1}.Debug|x64.Build.0 = Debug|Any CPU
		{9322400D-F93A-42F2-AD2B-F8500B8DBFC1}.Debug|x86.ActiveCfg = Debug|Any CPU
		{9322400D-F93A-42F2-AD2B-F8500B8DBFC1}.Debug|x86.Build.0 = Debug|Any CPU
		{9322400D-F93A-42F2-AD2B-F8500B8DBFC1}.Release|Any CPU.ActiveCfg = Release|Any CPU
		{9322400D-F93A-42F2-AD2B-F8500B8DBFC1}.Release|Any CPU.Build.0 = Release|Any CPU
		{9322400D-F93A-42F2-AD2B-F8500B8DBFC1}.Release|ARM64.ActiveCfg = Release|Any CPU
		{9322400D-F93A-42F2-AD2B-F8500B8DBFC1}.Release|ARM64.Build.0 = Release|Any CPU
		{9322400D-F93A-42F2-AD2B-F8500B8DBFC1}.Release|x64.ActiveCfg = Release|Any CPU
		{9322400D-F93A-42F2-AD2B-F8500B8DBFC1}.Release|x64.Build.0 = Release|Any CPU
		{9322400D-F93A-42F2-AD2B-F8500B8DBFC1}.Release|x86.ActiveCfg = Release|Any CPU
		{9322400D-F93A-42F2-AD2B-F8500B8DBFC1}.Release|x86.Build.0 = Release|Any CPU
		{EB0FA065-017C-43CE-81A1-8CC72450D8CA}.Debug|Any CPU.ActiveCfg = Debug|Any CPU
		{EB0FA065-017C-43CE-81A1-8CC72450D8CA}.Debug|Any CPU.Build.0 = Debug|Any CPU
		{EB0FA065-017C-43CE-81A1-8CC72450D8CA}.Debug|Any CPU.Deploy.0 = Debug|Any CPU
		{EB0FA065-017C-43CE-81A1-8CC72450D8CA}.Debug|ARM64.ActiveCfg = Debug|Any CPU
		{EB0FA065-017C-43CE-81A1-8CC72450D8CA}.Debug|ARM64.Build.0 = Debug|Any CPU
		{EB0FA065-017C-43CE-81A1-8CC72450D8CA}.Debug|ARM64.Deploy.0 = Debug|Any CPU
		{EB0FA065-017C-43CE-81A1-8CC72450D8CA}.Debug|x64.ActiveCfg = Debug|Any CPU
		{EB0FA065-017C-43CE-81A1-8CC72450D8CA}.Debug|x64.Build.0 = Debug|Any CPU
		{EB0FA065-017C-43CE-81A1-8CC72450D8CA}.Debug|x64.Deploy.0 = Debug|Any CPU
		{EB0FA065-017C-43CE-81A1-8CC72450D8CA}.Debug|x86.ActiveCfg = Debug|Any CPU
		{EB0FA065-017C-43CE-81A1-8CC72450D8CA}.Debug|x86.Build.0 = Debug|Any CPU
		{EB0FA065-017C-43CE-81A1-8CC72450D8CA}.Debug|x86.Deploy.0 = Debug|Any CPU
		{EB0FA065-017C-43CE-81A1-8CC72450D8CA}.Release|Any CPU.ActiveCfg = Release|Any CPU
		{EB0FA065-017C-43CE-81A1-8CC72450D8CA}.Release|Any CPU.Build.0 = Release|Any CPU
		{EB0FA065-017C-43CE-81A1-8CC72450D8CA}.Release|Any CPU.Deploy.0 = Release|Any CPU
		{EB0FA065-017C-43CE-81A1-8CC72450D8CA}.Release|ARM64.ActiveCfg = Release|Any CPU
		{EB0FA065-017C-43CE-81A1-8CC72450D8CA}.Release|ARM64.Build.0 = Release|Any CPU
		{EB0FA065-017C-43CE-81A1-8CC72450D8CA}.Release|ARM64.Deploy.0 = Release|Any CPU
		{EB0FA065-017C-43CE-81A1-8CC72450D8CA}.Release|x64.ActiveCfg = Release|Any CPU
		{EB0FA065-017C-43CE-81A1-8CC72450D8CA}.Release|x64.Build.0 = Release|Any CPU
		{EB0FA065-017C-43CE-81A1-8CC72450D8CA}.Release|x64.Deploy.0 = Release|Any CPU
		{EB0FA065-017C-43CE-81A1-8CC72450D8CA}.Release|x86.ActiveCfg = Release|Any CPU
		{EB0FA065-017C-43CE-81A1-8CC72450D8CA}.Release|x86.Build.0 = Release|Any CPU
		{EB0FA065-017C-43CE-81A1-8CC72450D8CA}.Release|x86.Deploy.0 = Release|Any CPU
		{75FF6EEE-899C-4C53-9043-28BE6E69F84A}.Debug|Any CPU.ActiveCfg = Debug|Any CPU
		{75FF6EEE-899C-4C53-9043-28BE6E69F84A}.Debug|Any CPU.Build.0 = Debug|Any CPU
		{75FF6EEE-899C-4C53-9043-28BE6E69F84A}.Debug|ARM64.ActiveCfg = Debug|Any CPU
		{75FF6EEE-899C-4C53-9043-28BE6E69F84A}.Debug|ARM64.Build.0 = Debug|Any CPU
		{75FF6EEE-899C-4C53-9043-28BE6E69F84A}.Debug|x64.ActiveCfg = Debug|Any CPU
		{75FF6EEE-899C-4C53-9043-28BE6E69F84A}.Debug|x64.Build.0 = Debug|Any CPU
		{75FF6EEE-899C-4C53-9043-28BE6E69F84A}.Debug|x86.ActiveCfg = Debug|Any CPU
		{75FF6EEE-899C-4C53-9043-28BE6E69F84A}.Debug|x86.Build.0 = Debug|Any CPU
		{75FF6EEE-899C-4C53-9043-28BE6E69F84A}.Release|Any CPU.ActiveCfg = Release|Any CPU
		{75FF6EEE-899C-4C53-9043-28BE6E69F84A}.Release|Any CPU.Build.0 = Release|Any CPU
		{75FF6EEE-899C-4C53-9043-28BE6E69F84A}.Release|ARM64.ActiveCfg = Release|Any CPU
		{75FF6EEE-899C-4C53-9043-28BE6E69F84A}.Release|ARM64.Build.0 = Release|Any CPU
		{75FF6EEE-899C-4C53-9043-28BE6E69F84A}.Release|x64.ActiveCfg = Release|Any CPU
		{75FF6EEE-899C-4C53-9043-28BE6E69F84A}.Release|x64.Build.0 = Release|Any CPU
		{75FF6EEE-899C-4C53-9043-28BE6E69F84A}.Release|x86.ActiveCfg = Release|Any CPU
		{75FF6EEE-899C-4C53-9043-28BE6E69F84A}.Release|x86.Build.0 = Release|Any CPU
		{0F0607D6-8D0C-4AA7-862D-F45F6D0D36DE}.Debug|Any CPU.ActiveCfg = Debug|Any CPU
		{0F0607D6-8D0C-4AA7-862D-F45F6D0D36DE}.Debug|Any CPU.Build.0 = Debug|Any CPU
		{0F0607D6-8D0C-4AA7-862D-F45F6D0D36DE}.Debug|ARM64.ActiveCfg = Debug|Any CPU
		{0F0607D6-8D0C-4AA7-862D-F45F6D0D36DE}.Debug|ARM64.Build.0 = Debug|Any CPU
		{0F0607D6-8D0C-4AA7-862D-F45F6D0D36DE}.Debug|x64.ActiveCfg = Debug|Any CPU
		{0F0607D6-8D0C-4AA7-862D-F45F6D0D36DE}.Debug|x64.Build.0 = Debug|Any CPU
		{0F0607D6-8D0C-4AA7-862D-F45F6D0D36DE}.Debug|x86.ActiveCfg = Debug|Any CPU
		{0F0607D6-8D0C-4AA7-862D-F45F6D0D36DE}.Debug|x86.Build.0 = Debug|Any CPU
		{0F0607D6-8D0C-4AA7-862D-F45F6D0D36DE}.Release|Any CPU.ActiveCfg = Release|Any CPU
		{0F0607D6-8D0C-4AA7-862D-F45F6D0D36DE}.Release|Any CPU.Build.0 = Release|Any CPU
		{0F0607D6-8D0C-4AA7-862D-F45F6D0D36DE}.Release|ARM64.ActiveCfg = Release|Any CPU
		{0F0607D6-8D0C-4AA7-862D-F45F6D0D36DE}.Release|ARM64.Build.0 = Release|Any CPU
		{0F0607D6-8D0C-4AA7-862D-F45F6D0D36DE}.Release|x64.ActiveCfg = Release|Any CPU
		{0F0607D6-8D0C-4AA7-862D-F45F6D0D36DE}.Release|x64.Build.0 = Release|Any CPU
		{0F0607D6-8D0C-4AA7-862D-F45F6D0D36DE}.Release|x86.ActiveCfg = Release|Any CPU
		{0F0607D6-8D0C-4AA7-862D-F45F6D0D36DE}.Release|x86.Build.0 = Release|Any CPU
		{60BDFD8F-6FAD-4BFC-97D0-EAEA30186846}.Debug|Any CPU.ActiveCfg = Debug|Any CPU
		{60BDFD8F-6FAD-4BFC-97D0-EAEA30186846}.Debug|Any CPU.Build.0 = Debug|Any CPU
		{60BDFD8F-6FAD-4BFC-97D0-EAEA30186846}.Debug|ARM64.ActiveCfg = Debug|Any CPU
		{60BDFD8F-6FAD-4BFC-97D0-EAEA30186846}.Debug|ARM64.Build.0 = Debug|Any CPU
		{60BDFD8F-6FAD-4BFC-97D0-EAEA30186846}.Debug|x64.ActiveCfg = Debug|Any CPU
		{60BDFD8F-6FAD-4BFC-97D0-EAEA30186846}.Debug|x64.Build.0 = Debug|Any CPU
		{60BDFD8F-6FAD-4BFC-97D0-EAEA30186846}.Debug|x86.ActiveCfg = Debug|Any CPU
		{60BDFD8F-6FAD-4BFC-97D0-EAEA30186846}.Debug|x86.Build.0 = Debug|Any CPU
		{60BDFD8F-6FAD-4BFC-97D0-EAEA30186846}.Release|Any CPU.ActiveCfg = Release|Any CPU
		{60BDFD8F-6FAD-4BFC-97D0-EAEA30186846}.Release|Any CPU.Build.0 = Release|Any CPU
		{60BDFD8F-6FAD-4BFC-97D0-EAEA30186846}.Release|ARM64.ActiveCfg = Release|Any CPU
		{60BDFD8F-6FAD-4BFC-97D0-EAEA30186846}.Release|ARM64.Build.0 = Release|Any CPU
		{60BDFD8F-6FAD-4BFC-97D0-EAEA30186846}.Release|x64.ActiveCfg = Release|Any CPU
		{60BDFD8F-6FAD-4BFC-97D0-EAEA30186846}.Release|x64.Build.0 = Release|Any CPU
		{60BDFD8F-6FAD-4BFC-97D0-EAEA30186846}.Release|x86.ActiveCfg = Release|Any CPU
		{60BDFD8F-6FAD-4BFC-97D0-EAEA30186846}.Release|x86.Build.0 = Release|Any CPU
		{535BD27C-12F1-47C9-A9B4-DC459E895938}.Debug|Any CPU.ActiveCfg = Debug|Any CPU
		{535BD27C-12F1-47C9-A9B4-DC459E895938}.Debug|Any CPU.Build.0 = Debug|Any CPU
		{535BD27C-12F1-47C9-A9B4-DC459E895938}.Debug|ARM64.ActiveCfg = Debug|Any CPU
		{535BD27C-12F1-47C9-A9B4-DC459E895938}.Debug|ARM64.Build.0 = Debug|Any CPU
		{535BD27C-12F1-47C9-A9B4-DC459E895938}.Debug|x64.ActiveCfg = Debug|Any CPU
		{535BD27C-12F1-47C9-A9B4-DC459E895938}.Debug|x64.Build.0 = Debug|Any CPU
		{535BD27C-12F1-47C9-A9B4-DC459E895938}.Debug|x86.ActiveCfg = Debug|Any CPU
		{535BD27C-12F1-47C9-A9B4-DC459E895938}.Debug|x86.Build.0 = Debug|Any CPU
		{535BD27C-12F1-47C9-A9B4-DC459E895938}.Release|Any CPU.ActiveCfg = Release|Any CPU
		{535BD27C-12F1-47C9-A9B4-DC459E895938}.Release|Any CPU.Build.0 = Release|Any CPU
		{535BD27C-12F1-47C9-A9B4-DC459E895938}.Release|ARM64.ActiveCfg = Release|Any CPU
		{535BD27C-12F1-47C9-A9B4-DC459E895938}.Release|ARM64.Build.0 = Release|Any CPU
		{535BD27C-12F1-47C9-A9B4-DC459E895938}.Release|x64.ActiveCfg = Release|Any CPU
		{535BD27C-12F1-47C9-A9B4-DC459E895938}.Release|x64.Build.0 = Release|Any CPU
		{535BD27C-12F1-47C9-A9B4-DC459E895938}.Release|x86.ActiveCfg = Release|Any CPU
		{535BD27C-12F1-47C9-A9B4-DC459E895938}.Release|x86.Build.0 = Release|Any CPU
		{22035BCB-20DB-68F4-74D3-4A11192E2D24}.Debug|Any CPU.ActiveCfg = Debug|Any CPU
		{22035BCB-20DB-68F4-74D3-4A11192E2D24}.Debug|Any CPU.Build.0 = Debug|Any CPU
		{22035BCB-20DB-68F4-74D3-4A11192E2D24}.Debug|ARM64.ActiveCfg = Debug|Any CPU
		{22035BCB-20DB-68F4-74D3-4A11192E2D24}.Debug|ARM64.Build.0 = Debug|Any CPU
		{22035BCB-20DB-68F4-74D3-4A11192E2D24}.Debug|x64.ActiveCfg = Debug|Any CPU
		{22035BCB-20DB-68F4-74D3-4A11192E2D24}.Debug|x64.Build.0 = Debug|Any CPU
		{22035BCB-20DB-68F4-74D3-4A11192E2D24}.Debug|x86.ActiveCfg = Debug|Any CPU
		{22035BCB-20DB-68F4-74D3-4A11192E2D24}.Debug|x86.Build.0 = Debug|Any CPU
		{22035BCB-20DB-68F4-74D3-4A11192E2D24}.Release|Any CPU.ActiveCfg = Release|Any CPU
		{22035BCB-20DB-68F4-74D3-4A11192E2D24}.Release|Any CPU.Build.0 = Release|Any CPU
		{22035BCB-20DB-68F4-74D3-4A11192E2D24}.Release|ARM64.ActiveCfg = Release|Any CPU
		{22035BCB-20DB-68F4-74D3-4A11192E2D24}.Release|ARM64.Build.0 = Release|Any CPU
		{22035BCB-20DB-68F4-74D3-4A11192E2D24}.Release|x64.ActiveCfg = Release|Any CPU
		{22035BCB-20DB-68F4-74D3-4A11192E2D24}.Release|x64.Build.0 = Release|Any CPU
		{22035BCB-20DB-68F4-74D3-4A11192E2D24}.Release|x86.ActiveCfg = Release|Any CPU
		{22035BCB-20DB-68F4-74D3-4A11192E2D24}.Release|x86.Build.0 = Release|Any CPU
		{9F6D78FE-2F08-5E2E-3654-63AFBF0916F0}.Debug|Any CPU.ActiveCfg = Debug|Any CPU
		{9F6D78FE-2F08-5E2E-3654-63AFBF0916F0}.Debug|Any CPU.Build.0 = Debug|Any CPU
		{9F6D78FE-2F08-5E2E-3654-63AFBF0916F0}.Debug|ARM64.ActiveCfg = Debug|Any CPU
		{9F6D78FE-2F08-5E2E-3654-63AFBF0916F0}.Debug|ARM64.Build.0 = Debug|Any CPU
		{9F6D78FE-2F08-5E2E-3654-63AFBF0916F0}.Debug|x64.ActiveCfg = Debug|Any CPU
		{9F6D78FE-2F08-5E2E-3654-63AFBF0916F0}.Debug|x64.Build.0 = Debug|Any CPU
		{9F6D78FE-2F08-5E2E-3654-63AFBF0916F0}.Debug|x86.ActiveCfg = Debug|Any CPU
		{9F6D78FE-2F08-5E2E-3654-63AFBF0916F0}.Debug|x86.Build.0 = Debug|Any CPU
		{9F6D78FE-2F08-5E2E-3654-63AFBF0916F0}.Release|Any CPU.ActiveCfg = Release|Any CPU
		{9F6D78FE-2F08-5E2E-3654-63AFBF0916F0}.Release|Any CPU.Build.0 = Release|Any CPU
		{9F6D78FE-2F08-5E2E-3654-63AFBF0916F0}.Release|ARM64.ActiveCfg = Release|Any CPU
		{9F6D78FE-2F08-5E2E-3654-63AFBF0916F0}.Release|ARM64.Build.0 = Release|Any CPU
		{9F6D78FE-2F08-5E2E-3654-63AFBF0916F0}.Release|x64.ActiveCfg = Release|Any CPU
		{9F6D78FE-2F08-5E2E-3654-63AFBF0916F0}.Release|x64.Build.0 = Release|Any CPU
		{9F6D78FE-2F08-5E2E-3654-63AFBF0916F0}.Release|x86.ActiveCfg = Release|Any CPU
		{9F6D78FE-2F08-5E2E-3654-63AFBF0916F0}.Release|x86.Build.0 = Release|Any CPU
		{819BA289-9BCF-0BA2-A1D4-E0A6F4C00386}.Debug|Any CPU.ActiveCfg = Debug|Any CPU
		{819BA289-9BCF-0BA2-A1D4-E0A6F4C00386}.Debug|Any CPU.Build.0 = Debug|Any CPU
		{819BA289-9BCF-0BA2-A1D4-E0A6F4C00386}.Debug|ARM64.ActiveCfg = Debug|Any CPU
		{819BA289-9BCF-0BA2-A1D4-E0A6F4C00386}.Debug|ARM64.Build.0 = Debug|Any CPU
		{819BA289-9BCF-0BA2-A1D4-E0A6F4C00386}.Debug|x64.ActiveCfg = Debug|Any CPU
		{819BA289-9BCF-0BA2-A1D4-E0A6F4C00386}.Debug|x64.Build.0 = Debug|Any CPU
		{819BA289-9BCF-0BA2-A1D4-E0A6F4C00386}.Debug|x86.ActiveCfg = Debug|Any CPU
		{819BA289-9BCF-0BA2-A1D4-E0A6F4C00386}.Debug|x86.Build.0 = Debug|Any CPU
		{819BA289-9BCF-0BA2-A1D4-E0A6F4C00386}.Release|Any CPU.ActiveCfg = Release|Any CPU
		{819BA289-9BCF-0BA2-A1D4-E0A6F4C00386}.Release|Any CPU.Build.0 = Release|Any CPU
		{819BA289-9BCF-0BA2-A1D4-E0A6F4C00386}.Release|ARM64.ActiveCfg = Release|Any CPU
		{819BA289-9BCF-0BA2-A1D4-E0A6F4C00386}.Release|ARM64.Build.0 = Release|Any CPU
		{819BA289-9BCF-0BA2-A1D4-E0A6F4C00386}.Release|x64.ActiveCfg = Release|Any CPU
		{819BA289-9BCF-0BA2-A1D4-E0A6F4C00386}.Release|x64.Build.0 = Release|Any CPU
		{819BA289-9BCF-0BA2-A1D4-E0A6F4C00386}.Release|x86.ActiveCfg = Release|Any CPU
		{819BA289-9BCF-0BA2-A1D4-E0A6F4C00386}.Release|x86.Build.0 = Release|Any CPU
		{BE4F3321-EF03-4BCA-966D-FCC36CA1181D}.Debug|Any CPU.ActiveCfg = Debug|Any CPU
		{BE4F3321-EF03-4BCA-966D-FCC36CA1181D}.Debug|Any CPU.Build.0 = Debug|Any CPU
		{BE4F3321-EF03-4BCA-966D-FCC36CA1181D}.Debug|ARM64.ActiveCfg = Debug|Any CPU
		{BE4F3321-EF03-4BCA-966D-FCC36CA1181D}.Debug|ARM64.Build.0 = Debug|Any CPU
		{BE4F3321-EF03-4BCA-966D-FCC36CA1181D}.Debug|x64.ActiveCfg = Debug|Any CPU
		{BE4F3321-EF03-4BCA-966D-FCC36CA1181D}.Debug|x64.Build.0 = Debug|Any CPU
		{BE4F3321-EF03-4BCA-966D-FCC36CA1181D}.Debug|x86.ActiveCfg = Debug|Any CPU
		{BE4F3321-EF03-4BCA-966D-FCC36CA1181D}.Debug|x86.Build.0 = Debug|Any CPU
		{BE4F3321-EF03-4BCA-966D-FCC36CA1181D}.Release|Any CPU.ActiveCfg = Release|Any CPU
		{BE4F3321-EF03-4BCA-966D-FCC36CA1181D}.Release|Any CPU.Build.0 = Release|Any CPU
		{BE4F3321-EF03-4BCA-966D-FCC36CA1181D}.Release|ARM64.ActiveCfg = Release|Any CPU
		{BE4F3321-EF03-4BCA-966D-FCC36CA1181D}.Release|ARM64.Build.0 = Release|Any CPU
		{BE4F3321-EF03-4BCA-966D-FCC36CA1181D}.Release|x64.ActiveCfg = Release|Any CPU
		{BE4F3321-EF03-4BCA-966D-FCC36CA1181D}.Release|x64.Build.0 = Release|Any CPU
		{BE4F3321-EF03-4BCA-966D-FCC36CA1181D}.Release|x86.ActiveCfg = Release|Any CPU
		{BE4F3321-EF03-4BCA-966D-FCC36CA1181D}.Release|x86.Build.0 = Release|Any CPU
		{24B0419F-803F-4305-B46E-1E92AE9AE64E}.Debug|Any CPU.ActiveCfg = Debug|Any CPU
		{24B0419F-803F-4305-B46E-1E92AE9AE64E}.Debug|Any CPU.Build.0 = Debug|Any CPU
		{24B0419F-803F-4305-B46E-1E92AE9AE64E}.Debug|ARM64.ActiveCfg = Debug|Any CPU
		{24B0419F-803F-4305-B46E-1E92AE9AE64E}.Debug|ARM64.Build.0 = Debug|Any CPU
		{24B0419F-803F-4305-B46E-1E92AE9AE64E}.Debug|x64.ActiveCfg = Debug|Any CPU
		{24B0419F-803F-4305-B46E-1E92AE9AE64E}.Debug|x64.Build.0 = Debug|Any CPU
		{24B0419F-803F-4305-B46E-1E92AE9AE64E}.Debug|x86.ActiveCfg = Debug|Any CPU
		{24B0419F-803F-4305-B46E-1E92AE9AE64E}.Debug|x86.Build.0 = Debug|Any CPU
		{24B0419F-803F-4305-B46E-1E92AE9AE64E}.Release|Any CPU.ActiveCfg = Release|Any CPU
		{24B0419F-803F-4305-B46E-1E92AE9AE64E}.Release|Any CPU.Build.0 = Release|Any CPU
		{24B0419F-803F-4305-B46E-1E92AE9AE64E}.Release|ARM64.ActiveCfg = Release|Any CPU
		{24B0419F-803F-4305-B46E-1E92AE9AE64E}.Release|ARM64.Build.0 = Release|Any CPU
		{24B0419F-803F-4305-B46E-1E92AE9AE64E}.Release|x64.ActiveCfg = Release|Any CPU
		{24B0419F-803F-4305-B46E-1E92AE9AE64E}.Release|x64.Build.0 = Release|Any CPU
		{24B0419F-803F-4305-B46E-1E92AE9AE64E}.Release|x86.ActiveCfg = Release|Any CPU
		{24B0419F-803F-4305-B46E-1E92AE9AE64E}.Release|x86.Build.0 = Release|Any CPU
	EndGlobalSection
	GlobalSection(SolutionProperties) = preSolution
		HideSolutionNode = FALSE
	EndGlobalSection
	GlobalSection(NestedProjects) = preSolution
		{60954BB1-8CE8-437B-81B8-0C5F3645640D} = {02EA681E-C7D8-13C7-8484-4AC65E1B71E8}
		{C00E661E-53A3-47FD-BFAF-9CF3F713C71A} = {60954BB1-8CE8-437B-81B8-0C5F3645640D}
		{8B5A117E-BD78-4C90-BB70-557B26D09135} = {60954BB1-8CE8-437B-81B8-0C5F3645640D}
		{9322400D-F93A-42F2-AD2B-F8500B8DBFC1} = {60954BB1-8CE8-437B-81B8-0C5F3645640D}
		{EB0FA065-017C-43CE-81A1-8CC72450D8CA} = {60954BB1-8CE8-437B-81B8-0C5F3645640D}
		{75FF6EEE-899C-4C53-9043-28BE6E69F84A} = {60954BB1-8CE8-437B-81B8-0C5F3645640D}
		{283A813F-2846-4EB4-BEE6-CF52380A1837} = {02EA681E-C7D8-13C7-8484-4AC65E1B71E8}
		{0F0607D6-8D0C-4AA7-862D-F45F6D0D36DE} = {283A813F-2846-4EB4-BEE6-CF52380A1837}
		{60BDFD8F-6FAD-4BFC-97D0-EAEA30186846} = {02EA681E-C7D8-13C7-8484-4AC65E1B71E8}
		{22035BCB-20DB-68F4-74D3-4A11192E2D24} = {60954BB1-8CE8-437B-81B8-0C5F3645640D}
		{9F6D78FE-2F08-5E2E-3654-63AFBF0916F0} = {9858EF92-EF94-4C78-8411-887E6B75F616}
		{819BA289-9BCF-0BA2-A1D4-E0A6F4C00386} = {9858EF92-EF94-4C78-8411-887E6B75F616}
		{BE4F3321-EF03-4BCA-966D-FCC36CA1181D} = {9858EF92-EF94-4C78-8411-887E6B75F616}
		{24B0419F-803F-4305-B46E-1E92AE9AE64E} = {283A813F-2846-4EB4-BEE6-CF52380A1837}
	EndGlobalSection
	GlobalSection(ExtensibilityGlobals) = postSolution
		SolutionGuid = {4C63EADD-8AF0-4E87-8E63-3265E344B9B4}
	EndGlobalSection
EndGlobal
